
Microsoft Visual Studio Solution File, Format Version 12.00
# Visual Studio Version 16
VisualStudioVersion = 16.0.31605.320
MinimumVisualStudioVersion = 10.0.40219.1
Project("{FAE04EC0-301F-11D3-BF4B-00C04F79EFBC}") = "MarsRover.App", "MarsRover.App\MarsRover.App.csproj", "{73123F21-D118-444B-88C9-FB8F65EFE899}"
EndProject
Project("{FAE04EC0-301F-11D3-BF4B-00C04F79EFBC}") = "MarsRover.Business", "MarsRover.Business\MarsRover.Business.csproj", "{48C4E1C4-AB59-4E93-AD70-57F64ADC0039}"
EndProject
Project("{FAE04EC0-301F-11D3-BF4B-00C04F79EFBC}") = "MarsRover.Core", "MarsRover.Core\MarsRover.Core.csproj", "{55ADE5F7-28CA-4E71-A4BF-AA13FE723C27}"
EndProject
Global
	GlobalSection(SolutionConfigurationPlatforms) = preSolution
		Debug|Any CPU = Debug|Any CPU
		Release|Any CPU = Release|Any CPU
	EndGlobalSection
	GlobalSection(ProjectConfigurationPlatforms) = postSolution
		{73123F21-D118-444B-88C9-FB8F65EFE899}.Debug|Any CPU.ActiveCfg = Debug|Any CPU
		{73123F21-D118-444B-88C9-FB8F65EFE899}.Debug|Any CPU.Build.0 = Debug|Any CPU
		{73123F21-D118-444B-88C9-FB8F65EFE899}.Release|Any CPU.ActiveCfg = Release|Any CPU
		{73123F21-D118-444B-88C9-FB8F65EFE899}.Release|Any CPU.Build.0 = Release|Any CPU
		{48C4E1C4-AB59-4E93-AD70-57F64ADC0039}.Debug|Any CPU.ActiveCfg = Debug|Any CPU
		{48C4E1C4-AB59-4E93-AD70-57F64ADC0039}.Debug|Any CPU.Build.0 = Debug|Any CPU
		{48C4E1C4-AB59-4E93-AD70-57F64ADC0039}.Release|Any CPU.ActiveCfg = Release|Any CPU
		{48C4E1C4-AB59-4E93-AD70-57F64ADC0039}.Release|Any CPU.Build.0 = Release|Any CPU
		{55ADE5F7-28CA-4E71-A4BF-AA13FE723C27}.Debug|Any CPU.ActiveCfg = Debug|Any CPU
		{55ADE5F7-28CA-4E71-A4BF-AA13FE723C27}.Debug|Any CPU.Build.0 = Debug|Any CPU
		{55ADE5F7-28CA-4E71-A4BF-AA13FE723C27}.Release|Any CPU.ActiveCfg = Release|Any CPU
		{55ADE5F7-28CA-4E71-A4BF-AA13FE723C27}.Release|Any CPU.Build.0 = Release|Any CPU
	EndGlobalSection
	GlobalSection(SolutionProperties) = preSolution
		HideSolutionNode = FALSE
	EndGlobalSection
	GlobalSection(ExtensibilityGlobals) = postSolution
		SolutionGuid = {6FC4B595-77B0-4D9A-B5BD-9711ECD6501A}
	EndGlobalSection
EndGlobal
